{
    "name": "websocket_demo",
    "requires": true,
    "lockfileVersion": 1,
    "dependencies": {
        "lodash": {
            "version": "2.4.2",
            "resolved": "http://registry.npm.sdp.nd/lodash/download/lodash-2.4.2.tgz",
            "integrity": "sha1-+t2DS5aDBz2hebPq5tnA0VBT9z4="
        },
        "minimist": {
            "version": "0.0.10",
            "resolved": "http://registry.npm.sdp.nd/minimist/download/minimist-0.0.10.tgz",
            "integrity": "sha1-3j+YVD2/lggr5IrRoMfNqDYwHc8="
        },
        "nodejs-websocket": {
            "version": "0.1.6",
            "resolved": "http://registry.npm.sdp.nd/nodejs-websocket/download/nodejs-websocket-0.1.6.tgz",
            "integrity": "sha1-mgIULvLCIYbIx67bjLP07UesrcM="
        },
        "optimist": {
            "version": "0.6.1",
            "resolved": "http://registry.npm.sdp.nd/optimist/download/optimist-0.6.1.tgz",
            "integrity": "sha1-2j6nRob6IaGaERwybpDrFaAZZoY=",
            "requires": {
                "minimist": "0.0.10",
                "wordwrap": "0.0.3"
            }
        },
        "websocketdjs": {
            "version": "0.0.2",
            "resolved": "https://registry.npmjs.org/websocketdjs/-/websocketdjs-0.0.2.tgz",
            "integrity": "sha1-FMJwayAfIdZ10p1Ks/pYFJ/twog=",
            "requires": {
                "lodash": "2.4.2",
                "nodejs-websocket": "0.1.6",
                "optimist": "0.6.1"
            }
        },
        "wordwrap": {
            "version": "0.0.3",
            "resolved": "http://registry.npm.sdp.nd/wordwrap/download/wordwrap-0.0.3.tgz",
            "integrity": "sha1-o9XabNXAvAAI03I0u68b7WMFkQc="
        }
    }
}
